
Microsoft Visual Studio Solution File, Format Version 12.00
# Visual Studio Version 17
VisualStudioVersion = 17.5.33627.172
MinimumVisualStudioVersion = 10.0.40219.1
Project("{E53339B2-1760-4266-BCC7-CA923CBCF16C}") = "docker-compose", "docker-compose.dcproj", "{B34119C0-F7E1-4492-83B3-B5DDDFA6EDB5}"
EndProject
Project("{9A19103F-16F7-4668-BE54-9A1E7A4F7556}") = "Codes", "src\Codes\Codes.csproj", "{D714F461-0003-4A87-826D-16F34BC79751}"
EndProject
Project("{9A19103F-16F7-4668-BE54-9A1E7A4F7556}") = "PopulationHealth", "src\PopulationHealth\PopulationHealth.csproj", "{B4434BEB-C191-4D17-9DB4-61D3CB0773B7}"
EndProject
Project("{2150E333-8FDC-42A3-9474-1A3956D46DE8}") = "K8sPods", "K8sPods", "{2B863462-583A-43F2-970A-F9E8EF17652D}"
EndProject
Project("{9A19103F-16F7-4668-BE54-9A1E7A4F7556}") = "Calendar", "src\Calendar\Calendar.csproj", "{D49450C1-2C07-4E33-B6CF-B66C8724F80C}"
EndProject
Project("{9A19103F-16F7-4668-BE54-9A1E7A4F7556}") = "Reports", "src\Reports\Reports.csproj", "{AF105384-6709-4BFE-89BD-CBEEC6E6FCD3}"
EndProject
Project("{9A19103F-16F7-4668-BE54-9A1E7A4F7556}") = "ControlPod", "src\ControlPod\ControlPod.csproj", "{1F120F65-2BFE-4E3C-80DA-174438DE31ED}"
EndProject
Project("{2150E333-8FDC-42A3-9474-1A3956D46DE8}") = "Test", "Test", "{7DF53970-678F-4077-AC87-C93175309E34}"
EndProject
Project("{9A19103F-16F7-4668-BE54-9A1E7A4F7556}") = "UnitTests", "test\UnitTests\UnitTests.csproj", "{423C632F-0164-4533-ADCB-0E5BA254301A}"
EndProject
Project("{9A19103F-16F7-4668-BE54-9A1E7A4F7556}") = "IntegrationTests", "test\IntegrationTests\IntegrationTests.csproj", "{0FF59276-7E06-454B-861B-13771D945AC3}"
EndProject
Project("{9A19103F-16F7-4668-BE54-9A1E7A4F7556}") = "DevTests", "test\DevTests\DevTests.csproj", "{1AE08B7F-7D86-4A6F-94B7-71D485F23DE8}"
EndProject
Project("{9A19103F-16F7-4668-BE54-9A1E7A4F7556}") = "Vectors", "src\Vectors\Vectors.csproj", "{53BB11D1-D1C5-4821-B16D-211F50531FFC}"
EndProject
Project("{9A19103F-16F7-4668-BE54-9A1E7A4F7556}") = "Administration", "src\Administration\Administration.csproj", "{0851325A-6DBE-4679-B884-EF64024F656A}"
EndProject
Project("{2150E333-8FDC-42A3-9474-1A3956D46DE8}") = "DataManagement", "DataManagement", "{4114A5B3-F34C-4B6B-B984-F171BF237FFD}"
EndProject
Project("{9A19103F-16F7-4668-BE54-9A1E7A4F7556}") = "DataShapes", "src\DataShapes\DataShapes.csproj", "{66E31B7F-9218-46E2-B8CC-9ECA45F0E6CD}"
EndProject
Project("{9A19103F-16F7-4668-BE54-9A1E7A4F7556}") = "Authentication", "src\Authentication\Authentication.csproj", "{6A789D89-9DA2-4F8E-927E-48226423FCA6}"
EndProject
Project("{2150E333-8FDC-42A3-9474-1A3956D46DE8}") = "Collectors", "Collectors", "{7CDCC06A-CE4E-46FA-9EC1-6BA9E242CA10}"
EndProject
Project("{9A19103F-16F7-4668-BE54-9A1E7A4F7556}") = "CollectorSupport", "src\Collectors\CollectorSupport\CollectorSupport.csproj", "{D73081EC-007D-4871-8410-6CFDA6F4470F}"
EndProject
Project("{9A19103F-16F7-4668-BE54-9A1E7A4F7556}") = "Hl7Collector", "src\Collectors\Hl7Collector\Hl7Collector.csproj", "{AF64428B-8679-4634-A177-F67CE35FDD78}"
EndProject
Project("{9A19103F-16F7-4668-BE54-9A1E7A4F7556}") = "X12Collector", "src\Collectors\X12Collector\X12Collector.csproj", "{C9483B61-14C6-49FE-B04B-C17BB9AF12A8}"
EndProject
Project("{9A19103F-16F7-4668-BE54-9A1E7A4F7556}") = "CollectorBase", "src\Collectors\CollectorBase\CollectorBase.csproj", "{D04F3B29-9929-4A9D-B4C3-185ABBD311EB}"
EndProject
Project("{2150E333-8FDC-42A3-9474-1A3956D46DE8}") = "Retrievers", "Retrievers", "{C03741A2-205B-4EFD-95C0-3B32BEA88BC2}"
EndProject
Project("{9A19103F-16F7-4668-BE54-9A1E7A4F7556}") = "Eligibility", "src\Retrievers\Eligibility\Eligibility.csproj", "{ACD24EEC-F66B-4FDD-9234-2683A587CB47}"
EndProject
Project("{9A19103F-16F7-4668-BE54-9A1E7A4F7556}") = "NDC", "src\Retrievers\NDC\NDC.csproj", "{FBB93FB1-2F56-4B09-ACDA-7E918C0F885C}"
EndProject
Project("{9A19103F-16F7-4668-BE54-9A1E7A4F7556}") = "SNOMED", "src\Retrievers\SNOMED\SNOMED.csproj", "{C4EC25BF-E1C0-4CC4-9BE7-71CCC347A767}"
EndProject
Project("{9A19103F-16F7-4668-BE54-9A1E7A4F7556}") = "Primary", "src\Data\Primary.csproj", "{4A8A75B3-28A6-40F5-AFE7-2B5F1D9A3597}"
EndProject
Project("{2150E333-8FDC-42A3-9474-1A3956D46DE8}") = "DataTransformation", "DataTransformation", "{F379EC93-DF8B-481E-9385-E6326B59425A}"
EndProject
Project("{9A19103F-16F7-4668-BE54-9A1E7A4F7556}") = "HL7FhirTransformer", "src\Transformers\HL7FhirTransformer\HL7FhirTransformer.csproj", "{9EDC3165-2756-406E-814E-F939FA7B4926}"
EndProject
Project("{9A19103F-16F7-4668-BE54-9A1E7A4F7556}") = "HL7v2Transformer", "src\Transformers\HL7v2Transformer\HL7v2Transformer.csproj", "{D1E9C516-5AA9-40E2-AD51-6C50103653E2}"
EndProject
Project("{9A19103F-16F7-4668-BE54-9A1E7A4F7556}") = "X12Transformer", "src\Transformers\X12Transformer\X12Transformer.csproj", "{7E3EC7E2-3E25-45A9-AD72-AE07867C49A1}"
EndProject
Project("{9A19103F-16F7-4668-BE54-9A1E7A4F7556}") = "HL7TransformationSupport", "src\Transformers\HL7TransformationSupport\HL7TransformationSupport.csproj", "{8F1507E3-11D7-4EA8-87EE-BC6361FF9F0C}"
EndProject
Project("{2150E333-8FDC-42A3-9474-1A3956D46DE8}") = "Solution Items", "Solution Items", "{90F81F52-0339-4576-A722-8D8CFE102381}"
	ProjectSection(SolutionItems) = preProject
		.editorconfig = .editorconfig
	EndProjectSection
EndProject
Project("{2150E333-8FDC-42A3-9474-1A3956D46DE8}") = "Settings", "Settings", "{96F36EF1-9168-47A5-A688-1EDF07FA30FA}"
EndProject
Project("{9A19103F-16F7-4668-BE54-9A1E7A4F7556}") = "CollectorsController", "src\Collectors\CollectorsController\CollectorsController.csproj", "{A99AE01B-B1B8-4EF2-98EB-87F482FC024E}"
EndProject
Project("{9344BDBB-3E7F-41FC-A0DD-8665D75EE146}") = "Repository", "..\HealthCareDev\Harmonizer\src\Repository\Repository.csproj", "{A4828DDB-AB0E-4D5E-867F-5E8BCE1DB3E3}"
EndProject
Project("{FAE04EC0-301F-11D3-BF4B-00C04F79EFBC}") = "Support", "src\Support\Support.csproj", "{9B1F66E8-0507-4B99-9738-3A94A773CF68}"
EndProject
Global
	GlobalSection(SolutionConfigurationPlatforms) = preSolution
		Debug|Any CPU = Debug|Any CPU
		Release|Any CPU = Release|Any CPU
	EndGlobalSection
	GlobalSection(ProjectConfigurationPlatforms) = postSolution
		{B34119C0-F7E1-4492-83B3-B5DDDFA6EDB5}.Debug|Any CPU.ActiveCfg = Debug|Any CPU
		{B34119C0-F7E1-4492-83B3-B5DDDFA6EDB5}.Debug|Any CPU.Build.0 = Debug|Any CPU
		{B34119C0-F7E1-4492-83B3-B5DDDFA6EDB5}.Release|Any CPU.ActiveCfg = Release|Any CPU
		{B34119C0-F7E1-4492-83B3-B5DDDFA6EDB5}.Release|Any CPU.Build.0 = Release|Any CPU
		{D714F461-0003-4A87-826D-16F34BC79751}.Debug|Any CPU.ActiveCfg = Debug|Any CPU
		{D714F461-0003-4A87-826D-16F34BC79751}.Debug|Any CPU.Build.0 = Debug|Any CPU
		{D714F461-0003-4A87-826D-16F34BC79751}.Release|Any CPU.ActiveCfg = Release|Any CPU
		{D714F461-0003-4A87-826D-16F34BC79751}.Release|Any CPU.Build.0 = Release|Any CPU
		{B4434BEB-C191-4D17-9DB4-61D3CB0773B7}.Debug|Any CPU.ActiveCfg = Debug|Any CPU
		{B4434BEB-C191-4D17-9DB4-61D3CB0773B7}.Debug|Any CPU.Build.0 = Debug|Any CPU
		{B4434BEB-C191-4D17-9DB4-61D3CB0773B7}.Release|Any CPU.ActiveCfg = Release|Any CPU
		{B4434BEB-C191-4D17-9DB4-61D3CB0773B7}.Release|Any CPU.Build.0 = Release|Any CPU
		{D49450C1-2C07-4E33-B6CF-B66C8724F80C}.Debug|Any CPU.ActiveCfg = Debug|Any CPU
		{D49450C1-2C07-4E33-B6CF-B66C8724F80C}.Debug|Any CPU.Build.0 = Debug|Any CPU
		{D49450C1-2C07-4E33-B6CF-B66C8724F80C}.Release|Any CPU.ActiveCfg = Release|Any CPU
		{D49450C1-2C07-4E33-B6CF-B66C8724F80C}.Release|Any CPU.Build.0 = Release|Any CPU
		{AF105384-6709-4BFE-89BD-CBEEC6E6FCD3}.Debug|Any CPU.ActiveCfg = Debug|Any CPU
		{AF105384-6709-4BFE-89BD-CBEEC6E6FCD3}.Debug|Any CPU.Build.0 = Debug|Any CPU
		{AF105384-6709-4BFE-89BD-CBEEC6E6FCD3}.Release|Any CPU.ActiveCfg = Release|Any CPU
		{AF105384-6709-4BFE-89BD-CBEEC6E6FCD3}.Release|Any CPU.Build.0 = Release|Any CPU
		{1F120F65-2BFE-4E3C-80DA-174438DE31ED}.Debug|Any CPU.ActiveCfg = Debug|Any CPU
		{1F120F65-2BFE-4E3C-80DA-174438DE31ED}.Debug|Any CPU.Build.0 = Debug|Any CPU
		{1F120F65-2BFE-4E3C-80DA-174438DE31ED}.Release|Any CPU.ActiveCfg = Release|Any CPU
		{1F120F65-2BFE-4E3C-80DA-174438DE31ED}.Release|Any CPU.Build.0 = Release|Any CPU
		{423C632F-0164-4533-ADCB-0E5BA254301A}.Debug|Any CPU.ActiveCfg = Debug|Any CPU
		{423C632F-0164-4533-ADCB-0E5BA254301A}.Debug|Any CPU.Build.0 = Debug|Any CPU
		{423C632F-0164-4533-ADCB-0E5BA254301A}.Release|Any CPU.ActiveCfg = Release|Any CPU
		{423C632F-0164-4533-ADCB-0E5BA254301A}.Release|Any CPU.Build.0 = Release|Any CPU
		{0FF59276-7E06-454B-861B-13771D945AC3}.Debug|Any CPU.ActiveCfg = Debug|Any CPU
		{0FF59276-7E06-454B-861B-13771D945AC3}.Debug|Any CPU.Build.0 = Debug|Any CPU
		{0FF59276-7E06-454B-861B-13771D945AC3}.Release|Any CPU.ActiveCfg = Release|Any CPU
		{0FF59276-7E06-454B-861B-13771D945AC3}.Release|Any CPU.Build.0 = Release|Any CPU
		{1AE08B7F-7D86-4A6F-94B7-71D485F23DE8}.Debug|Any CPU.ActiveCfg = Debug|Any CPU
		{1AE08B7F-7D86-4A6F-94B7-71D485F23DE8}.Debug|Any CPU.Build.0 = Debug|Any CPU
		{1AE08B7F-7D86-4A6F-94B7-71D485F23DE8}.Release|Any CPU.ActiveCfg = Release|Any CPU
		{1AE08B7F-7D86-4A6F-94B7-71D485F23DE8}.Release|Any CPU.Build.0 = Release|Any CPU
		{53BB11D1-D1C5-4821-B16D-211F50531FFC}.Debug|Any CPU.ActiveCfg = Debug|Any CPU
		{53BB11D1-D1C5-4821-B16D-211F50531FFC}.Debug|Any CPU.Build.0 = Debug|Any CPU
		{53BB11D1-D1C5-4821-B16D-211F50531FFC}.Release|Any CPU.ActiveCfg = Release|Any CPU
		{53BB11D1-D1C5-4821-B16D-211F50531FFC}.Release|Any CPU.Build.0 = Release|Any CPU
		{0851325A-6DBE-4679-B884-EF64024F656A}.Debug|Any CPU.ActiveCfg = Debug|Any CPU
		{0851325A-6DBE-4679-B884-EF64024F656A}.Debug|Any CPU.Build.0 = Debug|Any CPU
		{0851325A-6DBE-4679-B884-EF64024F656A}.Release|Any CPU.ActiveCfg = Release|Any CPU
		{0851325A-6DBE-4679-B884-EF64024F656A}.Release|Any CPU.Build.0 = Release|Any CPU
		{66E31B7F-9218-46E2-B8CC-9ECA45F0E6CD}.Debug|Any CPU.ActiveCfg = Debug|Any CPU
		{66E31B7F-9218-46E2-B8CC-9ECA45F0E6CD}.Debug|Any CPU.Build.0 = Debug|Any CPU
		{66E31B7F-9218-46E2-B8CC-9ECA45F0E6CD}.Release|Any CPU.ActiveCfg = Release|Any CPU
		{66E31B7F-9218-46E2-B8CC-9ECA45F0E6CD}.Release|Any CPU.Build.0 = Release|Any CPU
		{6A789D89-9DA2-4F8E-927E-48226423FCA6}.Debug|Any CPU.ActiveCfg = Debug|Any CPU
		{6A789D89-9DA2-4F8E-927E-48226423FCA6}.Debug|Any CPU.Build.0 = Debug|Any CPU
		{6A789D89-9DA2-4F8E-927E-48226423FCA6}.Release|Any CPU.ActiveCfg = Release|Any CPU
		{6A789D89-9DA2-4F8E-927E-48226423FCA6}.Release|Any CPU.Build.0 = Release|Any CPU
		{D73081EC-007D-4871-8410-6CFDA6F4470F}.Debug|Any CPU.ActiveCfg = Debug|Any CPU
		{D73081EC-007D-4871-8410-6CFDA6F4470F}.Debug|Any CPU.Build.0 = Debug|Any CPU
		{D73081EC-007D-4871-8410-6CFDA6F4470F}.Release|Any CPU.ActiveCfg = Release|Any CPU
		{D73081EC-007D-4871-8410-6CFDA6F4470F}.Release|Any CPU.Build.0 = Release|Any CPU
		{AF64428B-8679-4634-A177-F67CE35FDD78}.Debug|Any CPU.ActiveCfg = Debug|Any CPU
		{AF64428B-8679-4634-A177-F67CE35FDD78}.Debug|Any CPU.Build.0 = Debug|Any CPU
		{AF64428B-8679-4634-A177-F67CE35FDD78}.Release|Any CPU.ActiveCfg = Release|Any CPU
		{AF64428B-8679-4634-A177-F67CE35FDD78}.Release|Any CPU.Build.0 = Release|Any CPU
		{C9483B61-14C6-49FE-B04B-C17BB9AF12A8}.Debug|Any CPU.ActiveCfg = Debug|Any CPU
		{C9483B61-14C6-49FE-B04B-C17BB9AF12A8}.Debug|Any CPU.Build.0 = Debug|Any CPU
		{C9483B61-14C6-49FE-B04B-C17BB9AF12A8}.Release|Any CPU.ActiveCfg = Release|Any CPU
		{C9483B61-14C6-49FE-B04B-C17BB9AF12A8}.Release|Any CPU.Build.0 = Release|Any CPU
		{D04F3B29-9929-4A9D-B4C3-185ABBD311EB}.Debug|Any CPU.ActiveCfg = Debug|Any CPU
		{D04F3B29-9929-4A9D-B4C3-185ABBD311EB}.Debug|Any CPU.Build.0 = Debug|Any CPU
		{D04F3B29-9929-4A9D-B4C3-185ABBD311EB}.Release|Any CPU.ActiveCfg = Release|Any CPU
		{D04F3B29-9929-4A9D-B4C3-185ABBD311EB}.Release|Any CPU.Build.0 = Release|Any CPU
		{ACD24EEC-F66B-4FDD-9234-2683A587CB47}.Debug|Any CPU.ActiveCfg = Debug|Any CPU
		{ACD24EEC-F66B-4FDD-9234-2683A587CB47}.Debug|Any CPU.Build.0 = Debug|Any CPU
		{ACD24EEC-F66B-4FDD-9234-2683A587CB47}.Release|Any CPU.ActiveCfg = Release|Any CPU
		{ACD24EEC-F66B-4FDD-9234-2683A587CB47}.Release|Any CPU.Build.0 = Release|Any CPU
		{FBB93FB1-2F56-4B09-ACDA-7E918C0F885C}.Debug|Any CPU.ActiveCfg = Debug|Any CPU
		{FBB93FB1-2F56-4B09-ACDA-7E918C0F885C}.Debug|Any CPU.Build.0 = Debug|Any CPU
		{FBB93FB1-2F56-4B09-ACDA-7E918C0F885C}.Release|Any CPU.ActiveCfg = Release|Any CPU
		{FBB93FB1-2F56-4B09-ACDA-7E918C0F885C}.Release|Any CPU.Build.0 = Release|Any CPU
		{C4EC25BF-E1C0-4CC4-9BE7-71CCC347A767}.Debug|Any CPU.ActiveCfg = Debug|Any CPU
		{C4EC25BF-E1C0-4CC4-9BE7-71CCC347A767}.Debug|Any CPU.Build.0 = Debug|Any CPU
		{C4EC25BF-E1C0-4CC4-9BE7-71CCC347A767}.Release|Any CPU.ActiveCfg = Release|Any CPU
		{C4EC25BF-E1C0-4CC4-9BE7-71CCC347A767}.Release|Any CPU.Build.0 = Release|Any CPU
		{4A8A75B3-28A6-40F5-AFE7-2B5F1D9A3597}.Debug|Any CPU.ActiveCfg = Debug|Any CPU
		{4A8A75B3-28A6-40F5-AFE7-2B5F1D9A3597}.Debug|Any CPU.Build.0 = Debug|Any CPU
		{4A8A75B3-28A6-40F5-AFE7-2B5F1D9A3597}.Release|Any CPU.ActiveCfg = Release|Any CPU
		{4A8A75B3-28A6-40F5-AFE7-2B5F1D9A3597}.Release|Any CPU.Build.0 = Release|Any CPU
		{9EDC3165-2756-406E-814E-F939FA7B4926}.Debug|Any CPU.ActiveCfg = Debug|Any CPU
		{9EDC3165-2756-406E-814E-F939FA7B4926}.Debug|Any CPU.Build.0 = Debug|Any CPU
		{9EDC3165-2756-406E-814E-F939FA7B4926}.Release|Any CPU.ActiveCfg = Release|Any CPU
		{9EDC3165-2756-406E-814E-F939FA7B4926}.Release|Any CPU.Build.0 = Release|Any CPU
		{D1E9C516-5AA9-40E2-AD51-6C50103653E2}.Debug|Any CPU.ActiveCfg = Debug|Any CPU
		{D1E9C516-5AA9-40E2-AD51-6C50103653E2}.Debug|Any CPU.Build.0 = Debug|Any CPU
		{D1E9C516-5AA9-40E2-AD51-6C50103653E2}.Release|Any CPU.ActiveCfg = Release|Any CPU
		{D1E9C516-5AA9-40E2-AD51-6C50103653E2}.Release|Any CPU.Build.0 = Release|Any CPU
		{7E3EC7E2-3E25-45A9-AD72-AE07867C49A1}.Debug|Any CPU.ActiveCfg = Debug|Any CPU
		{7E3EC7E2-3E25-45A9-AD72-AE07867C49A1}.Debug|Any CPU.Build.0 = Debug|Any CPU
		{7E3EC7E2-3E25-45A9-AD72-AE07867C49A1}.Release|Any CPU.ActiveCfg = Release|Any CPU
		{7E3EC7E2-3E25-45A9-AD72-AE07867C49A1}.Release|Any CPU.Build.0 = Release|Any CPU
		{8F1507E3-11D7-4EA8-87EE-BC6361FF9F0C}.Debug|Any CPU.ActiveCfg = Debug|Any CPU
		{8F1507E3-11D7-4EA8-87EE-BC6361FF9F0C}.Debug|Any CPU.Build.0 = Debug|Any CPU
		{8F1507E3-11D7-4EA8-87EE-BC6361FF9F0C}.Release|Any CPU.ActiveCfg = Release|Any CPU
		{8F1507E3-11D7-4EA8-87EE-BC6361FF9F0C}.Release|Any CPU.Build.0 = Release|Any CPU
		{A99AE01B-B1B8-4EF2-98EB-87F482FC024E}.Debug|Any CPU.ActiveCfg = Debug|Any CPU
		{A99AE01B-B1B8-4EF2-98EB-87F482FC024E}.Debug|Any CPU.Build.0 = Debug|Any CPU
		{A99AE01B-B1B8-4EF2-98EB-87F482FC024E}.Release|Any CPU.ActiveCfg = Release|Any CPU
		{A99AE01B-B1B8-4EF2-98EB-87F482FC024E}.Release|Any CPU.Build.0 = Release|Any CPU
		{A4828DDB-AB0E-4D5E-867F-5E8BCE1DB3E3}.Debug|Any CPU.ActiveCfg = Debug|Any CPU
		{A4828DDB-AB0E-4D5E-867F-5E8BCE1DB3E3}.Debug|Any CPU.Build.0 = Debug|Any CPU
		{A4828DDB-AB0E-4D5E-867F-5E8BCE1DB3E3}.Release|Any CPU.ActiveCfg = Release|Any CPU
		{A4828DDB-AB0E-4D5E-867F-5E8BCE1DB3E3}.Release|Any CPU.Build.0 = Release|Any CPU
		{9B1F66E8-0507-4B99-9738-3A94A773CF68}.Debug|Any CPU.ActiveCfg = Debug|Any CPU
		{9B1F66E8-0507-4B99-9738-3A94A773CF68}.Debug|Any CPU.Build.0 = Debug|Any CPU
		{9B1F66E8-0507-4B99-9738-3A94A773CF68}.Release|Any CPU.ActiveCfg = Release|Any CPU
		{9B1F66E8-0507-4B99-9738-3A94A773CF68}.Release|Any CPU.Build.0 = Release|Any CPU
	EndGlobalSection
	GlobalSection(SolutionProperties) = preSolution
		HideSolutionNode = FALSE
	EndGlobalSection
	GlobalSection(NestedProjects) = preSolution
		{D714F461-0003-4A87-826D-16F34BC79751} = {2B863462-583A-43F2-970A-F9E8EF17652D}
		{B4434BEB-C191-4D17-9DB4-61D3CB0773B7} = {7CDCC06A-CE4E-46FA-9EC1-6BA9E242CA10}
		{D49450C1-2C07-4E33-B6CF-B66C8724F80C} = {2B863462-583A-43F2-970A-F9E8EF17652D}
		{AF105384-6709-4BFE-89BD-CBEEC6E6FCD3} = {2B863462-583A-43F2-970A-F9E8EF17652D}
		{423C632F-0164-4533-ADCB-0E5BA254301A} = {7DF53970-678F-4077-AC87-C93175309E34}
		{0FF59276-7E06-454B-861B-13771D945AC3} = {7DF53970-678F-4077-AC87-C93175309E34}
		{1AE08B7F-7D86-4A6F-94B7-71D485F23DE8} = {7DF53970-678F-4077-AC87-C93175309E34}
		{53BB11D1-D1C5-4821-B16D-211F50531FFC} = {2B863462-583A-43F2-970A-F9E8EF17652D}
		{0851325A-6DBE-4679-B884-EF64024F656A} = {2B863462-583A-43F2-970A-F9E8EF17652D}
		{66E31B7F-9218-46E2-B8CC-9ECA45F0E6CD} = {4114A5B3-F34C-4B6B-B984-F171BF237FFD}
		{6A789D89-9DA2-4F8E-927E-48226423FCA6} = {2B863462-583A-43F2-970A-F9E8EF17652D}
		{7CDCC06A-CE4E-46FA-9EC1-6BA9E242CA10} = {2B863462-583A-43F2-970A-F9E8EF17652D}
		{D73081EC-007D-4871-8410-6CFDA6F4470F} = {7CDCC06A-CE4E-46FA-9EC1-6BA9E242CA10}
		{AF64428B-8679-4634-A177-F67CE35FDD78} = {7CDCC06A-CE4E-46FA-9EC1-6BA9E242CA10}
		{C9483B61-14C6-49FE-B04B-C17BB9AF12A8} = {7CDCC06A-CE4E-46FA-9EC1-6BA9E242CA10}
		{D04F3B29-9929-4A9D-B4C3-185ABBD311EB} = {7CDCC06A-CE4E-46FA-9EC1-6BA9E242CA10}
		{C03741A2-205B-4EFD-95C0-3B32BEA88BC2} = {2B863462-583A-43F2-970A-F9E8EF17652D}
		{ACD24EEC-F66B-4FDD-9234-2683A587CB47} = {C03741A2-205B-4EFD-95C0-3B32BEA88BC2}
		{FBB93FB1-2F56-4B09-ACDA-7E918C0F885C} = {C03741A2-205B-4EFD-95C0-3B32BEA88BC2}
		{C4EC25BF-E1C0-4CC4-9BE7-71CCC347A767} = {C03741A2-205B-4EFD-95C0-3B32BEA88BC2}
		{4A8A75B3-28A6-40F5-AFE7-2B5F1D9A3597} = {2B863462-583A-43F2-970A-F9E8EF17652D}
		{9EDC3165-2756-406E-814E-F939FA7B4926} = {F379EC93-DF8B-481E-9385-E6326B59425A}
		{D1E9C516-5AA9-40E2-AD51-6C50103653E2} = {F379EC93-DF8B-481E-9385-E6326B59425A}
		{7E3EC7E2-3E25-45A9-AD72-AE07867C49A1} = {F379EC93-DF8B-481E-9385-E6326B59425A}
		{8F1507E3-11D7-4EA8-87EE-BC6361FF9F0C} = {F379EC93-DF8B-481E-9385-E6326B59425A}
		{A99AE01B-B1B8-4EF2-98EB-87F482FC024E} = {7CDCC06A-CE4E-46FA-9EC1-6BA9E242CA10}
		{A4828DDB-AB0E-4D5E-867F-5E8BCE1DB3E3} = {4114A5B3-F34C-4B6B-B984-F171BF237FFD}
	EndGlobalSection
	GlobalSection(ExtensibilityGlobals) = postSolution
		SolutionGuid = {EAF7E0B8-93D7-418C-BF95-D02B4EFAD949}
	EndGlobalSection
	GlobalSection(MonoDevelopProperties) = preSolution
		Policies = $0
		$0.DotNetNamingPolicy = $1
		$1.DirectoryNamespaceAssociation = PrefixedHierarchical
		$0.TextStylePolicy = $2
		$2.inheritsSet = null
		$2.scope = text/x-web
	EndGlobalSection
EndGlobal
