
Microsoft Visual Studio Solution File, Format Version 12.00
# Visual Studio Version 17
VisualStudioVersion = 17.5.33627.172
MinimumVisualStudioVersion = 10.0.40219.1
Project("{E53339B2-1760-4266-BCC7-CA923CBCF16C}") = "docker-compose", "docker-compose.dcproj", "{B34119C0-F7E1-4492-83B3-B5DDDFA6EDB5}"
EndProject
Project("{9A19103F-16F7-4668-BE54-9A1E7A4F7556}") = "Codes", "src\Codes\Codes.csproj", "{D714F461-0003-4A87-826D-16F34BC79751}"
EndProject
Project("{9A19103F-16F7-4668-BE54-9A1E7A4F7556}") = "PopulationHealth", "src\PopulationHealth\PopulationHealth.csproj", "{B4434BEB-C191-4D17-9DB4-61D3CB0773B7}"
EndProject
Project("{2150E333-8FDC-42A3-9474-1A3956D46DE8}") = "Kubernetes", "Kubernetes", "{2B863462-583A-43F2-970A-F9E8EF17652D}"
EndProject
Project("{9A19103F-16F7-4668-BE54-9A1E7A4F7556}") = "Calendar", "src\Calendar\Calendar.csproj", "{D49450C1-2C07-4E33-B6CF-B66C8724F80C}"
EndProject
Project("{9A19103F-16F7-4668-BE54-9A1E7A4F7556}") = "Reports", "src\Reports\Reports.csproj", "{AF105384-6709-4BFE-89BD-CBEEC6E6FCD3}"
EndProject
Project("{2150E333-8FDC-42A3-9474-1A3956D46DE8}") = "Test", "Test", "{7DF53970-678F-4077-AC87-C93175309E34}"
EndProject
Project("{9A19103F-16F7-4668-BE54-9A1E7A4F7556}") = "UnitTests", "test\UnitTests\UnitTests.csproj", "{423C632F-0164-4533-ADCB-0E5BA254301A}"
EndProject
Project("{9A19103F-16F7-4668-BE54-9A1E7A4F7556}") = "IntegrationTests", "test\IntegrationTests\IntegrationTests.csproj", "{0FF59276-7E06-454B-861B-13771D945AC3}"
EndProject
Project("{9A19103F-16F7-4668-BE54-9A1E7A4F7556}") = "DevTests", "test\DevTests\DevTests.csproj", "{1AE08B7F-7D86-4A6F-94B7-71D485F23DE8}"
EndProject
Project("{9A19103F-16F7-4668-BE54-9A1E7A4F7556}") = "Lists", "src\Vectors\Lists.csproj", "{53BB11D1-D1C5-4821-B16D-211F50531FFC}"
EndProject
Project("{9A19103F-16F7-4668-BE54-9A1E7A4F7556}") = "Administration", "src\Administration\Administration.csproj", "{0851325A-6DBE-4679-B884-EF64024F656A}"
EndProject
Project("{2150E333-8FDC-42A3-9474-1A3956D46DE8}") = "DataManagement", "DataManagement", "{4114A5B3-F34C-4B6B-B984-F171BF237FFD}"
EndProject
Project("{9A19103F-16F7-4668-BE54-9A1E7A4F7556}") = "DataShapes", "src\DataShapes\DataShapes.csproj", "{66E31B7F-9218-46E2-B8CC-9ECA45F0E6CD}"
EndProject
Project("{9A19103F-16F7-4668-BE54-9A1E7A4F7556}") = "Authentication", "src\Authentication\Authentication.csproj", "{6A789D89-9DA2-4F8E-927E-48226423FCA6}"
EndProject
Project("{2150E333-8FDC-42A3-9474-1A3956D46DE8}") = "Collectors", "Collectors", "{7CDCC06A-CE4E-46FA-9EC1-6BA9E242CA10}"
EndProject
Project("{9A19103F-16F7-4668-BE54-9A1E7A4F7556}") = "CollectorSupport", "src\Collectors\CollectorSupport\CollectorSupport.csproj", "{D73081EC-007D-4871-8410-6CFDA6F4470F}"
EndProject
Project("{9A19103F-16F7-4668-BE54-9A1E7A4F7556}") = "X12Collector", "src\Collectors\X12Collector\X12Collector.csproj", "{C9483B61-14C6-49FE-B04B-C17BB9AF12A8}"
EndProject
Project("{2150E333-8FDC-42A3-9474-1A3956D46DE8}") = "Retrievers", "Retrievers", "{C03741A2-205B-4EFD-95C0-3B32BEA88BC2}"
EndProject
Project("{9A19103F-16F7-4668-BE54-9A1E7A4F7556}") = "Eligibility", "src\Retrievers\Eligibility\Eligibility.csproj", "{ACD24EEC-F66B-4FDD-9234-2683A587CB47}"
EndProject
Project("{9A19103F-16F7-4668-BE54-9A1E7A4F7556}") = "NDC", "src\Retrievers\NDC\NDC.csproj", "{FBB93FB1-2F56-4B09-ACDA-7E918C0F885C}"
EndProject
Project("{9A19103F-16F7-4668-BE54-9A1E7A4F7556}") = "SNOMED", "src\Retrievers\SNOMED\SNOMED.csproj", "{C4EC25BF-E1C0-4CC4-9BE7-71CCC347A767}"
EndProject
Project("{9A19103F-16F7-4668-BE54-9A1E7A4F7556}") = "HL7FhirTransformer", "src\Transformers\HL7FhirTransformer\HL7FhirTransformer.csproj", "{9EDC3165-2756-406E-814E-F939FA7B4926}"
EndProject
Project("{9A19103F-16F7-4668-BE54-9A1E7A4F7556}") = "HL7v2Transformer", "src\Transformers\HL7v2Transformer\HL7v2Transformer.csproj", "{D1E9C516-5AA9-40E2-AD51-6C50103653E2}"
EndProject
Project("{9A19103F-16F7-4668-BE54-9A1E7A4F7556}") = "X12Transformer", "src\Transformers\X12Transformer\X12Transformer.csproj", "{7E3EC7E2-3E25-45A9-AD72-AE07867C49A1}"
EndProject
Project("{2150E333-8FDC-42A3-9474-1A3956D46DE8}") = "Solution Items", "Solution Items", "{90F81F52-0339-4576-A722-8D8CFE102381}"
	ProjectSection(SolutionItems) = preProject
		.editorconfig = .editorconfig
	EndProjectSection
EndProject
Project("{2150E333-8FDC-42A3-9474-1A3956D46DE8}") = "Settings", "Settings", "{96F36EF1-9168-47A5-A688-1EDF07FA30FA}"
EndProject
Project("{9A19103F-16F7-4668-BE54-9A1E7A4F7556}") = "CollectorsController", "src\Collectors\CollectorsController\CollectorsController.csproj", "{A99AE01B-B1B8-4EF2-98EB-87F482FC024E}"
EndProject
Project("{9A19103F-16F7-4668-BE54-9A1E7A4F7556}") = "Support", "src\Support\Support.csproj", "{9B1F66E8-0507-4B99-9738-3A94A773CF68}"
EndProject
Project("{9A19103F-16F7-4668-BE54-9A1E7A4F7556}") = "Fhir2Collector", "src\Collectors\Fhir2Collector\Fhir2Collector.csproj", "{D6D76A4A-D5D2-46D2-876B-B817EA8FECD1}"
EndProject
Project("{9A19103F-16F7-4668-BE54-9A1E7A4F7556}") = "Fhir3Collector", "src\Collectors\Fhir3Collector\Fhir3Collector.csproj", "{E2563263-73E1-4A21-9C80-1EC0658CD3E7}"
EndProject
Project("{9A19103F-16F7-4668-BE54-9A1E7A4F7556}") = "Fhir4Collector", "src\Collectors\Fhir4Collector\Fhir4Collector.csproj", "{A7C6150F-274F-4EFB-96AF-3F613F718BE0}"
EndProject
Project("{9A19103F-16F7-4668-BE54-9A1E7A4F7556}") = "Fhir5Collector", "src\Collectors\Fhir5Collector\Fhir5Collector.csproj", "{EABDBC4B-1D64-4B48-8955-9EAC5E473E70}"
EndProject
Project("{9A19103F-16F7-4668-BE54-9A1E7A4F7556}") = "Fhir4bCollector", "src\Collectors\Fhir4bCollector\Fhir4bCollector.csproj", "{4658C0B9-BF0D-4E43-BDD2-29C52CD0C74F}"
EndProject
Project("{9A19103F-16F7-4668-BE54-9A1E7A4F7556}") = "Primary", "src\PrimaryControllers\Primary.csproj", "{EA732699-86A0-4554-BFAA-86BF29EEB1F9}"
EndProject
Project("{9A19103F-16F7-4668-BE54-9A1E7A4F7556}") = "Collector", "src\Collectors\Collector\Collector.csproj", "{00F142C8-D782-4434-8702-8A8E3031EC8A}"
EndProject
Project("{9A19103F-16F7-4668-BE54-9A1E7A4F7556}") = "Hl7v2Collector", "src\Collectors\Hl7v2Collector\Hl7v2Collector.csproj", "{17496A09-C6DB-4F61-8586-AA4FF3D0983C}"
EndProject
Project("{2150E333-8FDC-42A3-9474-1A3956D46DE8}") = "Transporters", "Transporters", "{B7E8A843-0394-4C7A-A81C-7A2012053F1F}"
EndProject
Project("{9A19103F-16F7-4668-BE54-9A1E7A4F7556}") = "Transporter", "src\Transporters\Transporter\Transporter.csproj", "{D7778AB4-5EC8-44AC-BDDA-0ECA2D22DB80}"
EndProject
Project("{9A19103F-16F7-4668-BE54-9A1E7A4F7556}") = "MLLPTransporter", "src\Transporters\MLLPTransporter\MLLPTransporter.csproj", "{2F43A45F-6A5C-4262-A35F-3412AD7DDC77}"
EndProject
Project("{9A19103F-16F7-4668-BE54-9A1E7A4F7556}") = "TransporterFactory", "src\Transporters\TransporterFactory\TransporterFactory.csproj", "{49BBFEF6-48E4-48BE-A244-CD82967F1450}"
EndProject
Project("{9A19103F-16F7-4668-BE54-9A1E7A4F7556}") = "TCPIPTransporter", "src\Transporters\TCPIPTransporter\TCPIPTransporter.csproj", "{D5283B3A-8FFD-4897-BEFD-DD3106C75536}"
EndProject
Project("{9A19103F-16F7-4668-BE54-9A1E7A4F7556}") = "RESTTransporter", "src\Transporters\RESTTransporter\RESTTransporter.csproj", "{042D7A46-2EA8-4E3F-9250-A7BE8148D308}"
EndProject
Project("{9A19103F-16F7-4668-BE54-9A1E7A4F7556}") = "Fhir2Transporter", "src\Transporters\Fhir2Transporter\Fhir2Transporter.csproj", "{0A5F93B6-29FD-4D41-A829-E868E8382349}"
EndProject
Project("{9A19103F-16F7-4668-BE54-9A1E7A4F7556}") = "Fhir3Transporter", "src\Transporters\Fhir3Transporter\Fhir3Transporter.csproj", "{DDC5752B-F2C3-47F3-AC01-9242FEC56AA6}"
EndProject
Project("{9A19103F-16F7-4668-BE54-9A1E7A4F7556}") = "Fhir4Transporter", "src\Transporters\Fhir4Transporter\Fhir4Transporter.csproj", "{D0C8CEC9-A14B-411F-AC87-894D934D97C4}"
EndProject
Project("{9A19103F-16F7-4668-BE54-9A1E7A4F7556}") = "Fhir5Transporter", "src\Transporters\Fhir5Transporter\Fhir5Transporter.csproj", "{75DCAA48-CA19-4CBC-B5D3-871A3BA2DC74}"
EndProject
Project("{9A19103F-16F7-4668-BE54-9A1E7A4F7556}") = "Fhir4bTransporter", "src\Transporters\Fhir4bTransporter\Fhir4bTransporter.csproj", "{959C3EC4-4A0A-4BC4-B485-131E39948D5B}"
EndProject
Project("{9A19103F-16F7-4668-BE54-9A1E7A4F7556}") = "CollectorFactory", "src\Collectors\CollectorFactory\CollectorFactory.csproj", "{43A75477-B2E6-4FD4-817D-A543E12C9006}"
EndProject
Project("{2150E333-8FDC-42A3-9474-1A3956D46DE8}") = "Controllers", "Controllers", "{DB65A5CC-65E7-4BAC-9311-72EA71B32011}"
EndProject
Project("{9A19103F-16F7-4668-BE54-9A1E7A4F7556}") = "CollectorTests", "test\CollectorTests\CollectorTests\CollectorTests.csproj", "{F7748B16-BB79-4220-8B7D-65D1C98E593C}"
EndProject
Project("{9A19103F-16F7-4668-BE54-9A1E7A4F7556}") = "ChainOfResponsibility", "src\ChainOfResponsibility\ChainOfResponsibility.csproj", "{AAC4947C-46CE-4CC1-8F11-31FB4AF1D0E4}"
EndProject
Project("{9A19103F-16F7-4668-BE54-9A1E7A4F7556}") = "Hl7v3Collector", "src\Collectors\Hl7v3Collector\Hl7v3Collector.csproj", "{550CF44A-EFA6-4CE8-A22E-648F5C8EE2C0}"
EndProject
Project("{9A19103F-16F7-4668-BE54-9A1E7A4F7556}") = "Hl7CDACollector", "src\Collectors\Hl7c-CDACollector\Hl7CDACollector.csproj", "{E2D600BD-3618-4A23-A37E-ECE7595A6BF4}"
EndProject
Project("{9A19103F-16F7-4668-BE54-9A1E7A4F7556}") = "ICD", "src\Retrievers\ICD\ICD.csproj", "{92353F55-A4E6-4A28-AE98-6363C1CDA9FC}"
EndProject
Project("{9A19103F-16F7-4668-BE54-9A1E7A4F7556}") = "Transformer", "src\Transformers\Transformer\Transformer.csproj", "{AF28DA3B-7564-4068-B333-98CB6B340952}"
EndProject
Project("{9A19103F-16F7-4668-BE54-9A1E7A4F7556}") = "TransformerFactory", "src\Transformers\TransformerFactory\TransformerFactory.csproj", "{ADAC8DD0-7F25-4C9D-B058-598E720A3B57}"
EndProject
Project("{2150E333-8FDC-42A3-9474-1A3956D46DE8}") = "Transformers", "Transformers", "{E7F6ECFE-FB80-4848-BB50-6BD47292ACC7}"
EndProject
Project("{FAE04EC0-301F-11D3-BF4B-00C04F79EFBC}") = "LOINC", "src\Retrievers\LOINC\LOINC.csproj", "{3F9349CA-8FC9-438E-A179-3D4739A2362B}"
EndProject
Project("{FAE04EC0-301F-11D3-BF4B-00C04F79EFBC}") = "RetrieverController", "src\Retrievers\RetrieverController\RetrieverController.csproj", "{96C66E23-55E8-4F17-B494-FCAFCCE34288}"
EndProject
Project("{FAE04EC0-301F-11D3-BF4B-00C04F79EFBC}") = "Retriever", "src\Retrievers\Retriever\Retriever.csproj", "{1A54D850-8B9E-4EBB-9998-77A908D7EB66}"
EndProject
Project("{FAE04EC0-301F-11D3-BF4B-00C04F79EFBC}") = "RetrieverFactory", "src\Retrievers\RetrieverFactory\RetrieverFactory.csproj", "{E8C07491-C321-4F2C-892A-06835389AB49}"
EndProject
Project("{FAE04EC0-301F-11D3-BF4B-00C04F79EFBC}") = "TransformerControler", "src\Transformers\TransformerControler\TransformerControler.csproj", "{DCC4ED3D-1150-463A-908F-1278473F79EA}"
EndProject
Project("{FAE04EC0-301F-11D3-BF4B-00C04F79EFBC}") = "TransporterController", "src\Transporters\TransporterController\TransporterController.csproj", "{EF410A2B-3639-4563-B6C8-5F8D7339D7B7}"
EndProject
Global
	GlobalSection(SolutionConfigurationPlatforms) = preSolution
		Debug|Any CPU = Debug|Any CPU
		Release|Any CPU = Release|Any CPU
	EndGlobalSection
	GlobalSection(ProjectConfigurationPlatforms) = postSolution
		{B34119C0-F7E1-4492-83B3-B5DDDFA6EDB5}.Debug|Any CPU.ActiveCfg = Debug|Any CPU
		{B34119C0-F7E1-4492-83B3-B5DDDFA6EDB5}.Debug|Any CPU.Build.0 = Debug|Any CPU
		{B34119C0-F7E1-4492-83B3-B5DDDFA6EDB5}.Release|Any CPU.ActiveCfg = Release|Any CPU
		{B34119C0-F7E1-4492-83B3-B5DDDFA6EDB5}.Release|Any CPU.Build.0 = Release|Any CPU
		{D714F461-0003-4A87-826D-16F34BC79751}.Debug|Any CPU.ActiveCfg = Debug|Any CPU
		{D714F461-0003-4A87-826D-16F34BC79751}.Debug|Any CPU.Build.0 = Debug|Any CPU
		{D714F461-0003-4A87-826D-16F34BC79751}.Release|Any CPU.ActiveCfg = Release|Any CPU
		{D714F461-0003-4A87-826D-16F34BC79751}.Release|Any CPU.Build.0 = Release|Any CPU
		{B4434BEB-C191-4D17-9DB4-61D3CB0773B7}.Debug|Any CPU.ActiveCfg = Debug|Any CPU
		{B4434BEB-C191-4D17-9DB4-61D3CB0773B7}.Debug|Any CPU.Build.0 = Debug|Any CPU
		{B4434BEB-C191-4D17-9DB4-61D3CB0773B7}.Release|Any CPU.ActiveCfg = Release|Any CPU
		{B4434BEB-C191-4D17-9DB4-61D3CB0773B7}.Release|Any CPU.Build.0 = Release|Any CPU
		{D49450C1-2C07-4E33-B6CF-B66C8724F80C}.Debug|Any CPU.ActiveCfg = Debug|Any CPU
		{D49450C1-2C07-4E33-B6CF-B66C8724F80C}.Debug|Any CPU.Build.0 = Debug|Any CPU
		{D49450C1-2C07-4E33-B6CF-B66C8724F80C}.Release|Any CPU.ActiveCfg = Release|Any CPU
		{D49450C1-2C07-4E33-B6CF-B66C8724F80C}.Release|Any CPU.Build.0 = Release|Any CPU
		{AF105384-6709-4BFE-89BD-CBEEC6E6FCD3}.Debug|Any CPU.ActiveCfg = Debug|Any CPU
		{AF105384-6709-4BFE-89BD-CBEEC6E6FCD3}.Debug|Any CPU.Build.0 = Debug|Any CPU
		{AF105384-6709-4BFE-89BD-CBEEC6E6FCD3}.Release|Any CPU.ActiveCfg = Release|Any CPU
		{AF105384-6709-4BFE-89BD-CBEEC6E6FCD3}.Release|Any CPU.Build.0 = Release|Any CPU
		{423C632F-0164-4533-ADCB-0E5BA254301A}.Debug|Any CPU.ActiveCfg = Debug|Any CPU
		{423C632F-0164-4533-ADCB-0E5BA254301A}.Debug|Any CPU.Build.0 = Debug|Any CPU
		{423C632F-0164-4533-ADCB-0E5BA254301A}.Release|Any CPU.ActiveCfg = Release|Any CPU
		{423C632F-0164-4533-ADCB-0E5BA254301A}.Release|Any CPU.Build.0 = Release|Any CPU
		{0FF59276-7E06-454B-861B-13771D945AC3}.Debug|Any CPU.ActiveCfg = Debug|Any CPU
		{0FF59276-7E06-454B-861B-13771D945AC3}.Debug|Any CPU.Build.0 = Debug|Any CPU
		{0FF59276-7E06-454B-861B-13771D945AC3}.Release|Any CPU.ActiveCfg = Release|Any CPU
		{0FF59276-7E06-454B-861B-13771D945AC3}.Release|Any CPU.Build.0 = Release|Any CPU
		{1AE08B7F-7D86-4A6F-94B7-71D485F23DE8}.Debug|Any CPU.ActiveCfg = Debug|Any CPU
		{1AE08B7F-7D86-4A6F-94B7-71D485F23DE8}.Debug|Any CPU.Build.0 = Debug|Any CPU
		{1AE08B7F-7D86-4A6F-94B7-71D485F23DE8}.Release|Any CPU.ActiveCfg = Release|Any CPU
		{1AE08B7F-7D86-4A6F-94B7-71D485F23DE8}.Release|Any CPU.Build.0 = Release|Any CPU
		{53BB11D1-D1C5-4821-B16D-211F50531FFC}.Debug|Any CPU.ActiveCfg = Debug|Any CPU
		{53BB11D1-D1C5-4821-B16D-211F50531FFC}.Debug|Any CPU.Build.0 = Debug|Any CPU
		{53BB11D1-D1C5-4821-B16D-211F50531FFC}.Release|Any CPU.ActiveCfg = Release|Any CPU
		{53BB11D1-D1C5-4821-B16D-211F50531FFC}.Release|Any CPU.Build.0 = Release|Any CPU
		{0851325A-6DBE-4679-B884-EF64024F656A}.Debug|Any CPU.ActiveCfg = Debug|Any CPU
		{0851325A-6DBE-4679-B884-EF64024F656A}.Debug|Any CPU.Build.0 = Debug|Any CPU
		{0851325A-6DBE-4679-B884-EF64024F656A}.Release|Any CPU.ActiveCfg = Release|Any CPU
		{0851325A-6DBE-4679-B884-EF64024F656A}.Release|Any CPU.Build.0 = Release|Any CPU
		{66E31B7F-9218-46E2-B8CC-9ECA45F0E6CD}.Debug|Any CPU.ActiveCfg = Debug|Any CPU
		{66E31B7F-9218-46E2-B8CC-9ECA45F0E6CD}.Debug|Any CPU.Build.0 = Debug|Any CPU
		{66E31B7F-9218-46E2-B8CC-9ECA45F0E6CD}.Release|Any CPU.ActiveCfg = Release|Any CPU
		{66E31B7F-9218-46E2-B8CC-9ECA45F0E6CD}.Release|Any CPU.Build.0 = Release|Any CPU
		{6A789D89-9DA2-4F8E-927E-48226423FCA6}.Debug|Any CPU.ActiveCfg = Debug|Any CPU
		{6A789D89-9DA2-4F8E-927E-48226423FCA6}.Debug|Any CPU.Build.0 = Debug|Any CPU
		{6A789D89-9DA2-4F8E-927E-48226423FCA6}.Release|Any CPU.ActiveCfg = Release|Any CPU
		{6A789D89-9DA2-4F8E-927E-48226423FCA6}.Release|Any CPU.Build.0 = Release|Any CPU
		{D73081EC-007D-4871-8410-6CFDA6F4470F}.Debug|Any CPU.ActiveCfg = Debug|Any CPU
		{D73081EC-007D-4871-8410-6CFDA6F4470F}.Debug|Any CPU.Build.0 = Debug|Any CPU
		{D73081EC-007D-4871-8410-6CFDA6F4470F}.Release|Any CPU.ActiveCfg = Release|Any CPU
		{D73081EC-007D-4871-8410-6CFDA6F4470F}.Release|Any CPU.Build.0 = Release|Any CPU
		{C9483B61-14C6-49FE-B04B-C17BB9AF12A8}.Debug|Any CPU.ActiveCfg = Debug|Any CPU
		{C9483B61-14C6-49FE-B04B-C17BB9AF12A8}.Debug|Any CPU.Build.0 = Debug|Any CPU
		{C9483B61-14C6-49FE-B04B-C17BB9AF12A8}.Release|Any CPU.ActiveCfg = Release|Any CPU
		{C9483B61-14C6-49FE-B04B-C17BB9AF12A8}.Release|Any CPU.Build.0 = Release|Any CPU
		{ACD24EEC-F66B-4FDD-9234-2683A587CB47}.Debug|Any CPU.ActiveCfg = Debug|Any CPU
		{ACD24EEC-F66B-4FDD-9234-2683A587CB47}.Debug|Any CPU.Build.0 = Debug|Any CPU
		{ACD24EEC-F66B-4FDD-9234-2683A587CB47}.Release|Any CPU.ActiveCfg = Release|Any CPU
		{ACD24EEC-F66B-4FDD-9234-2683A587CB47}.Release|Any CPU.Build.0 = Release|Any CPU
		{FBB93FB1-2F56-4B09-ACDA-7E918C0F885C}.Debug|Any CPU.ActiveCfg = Debug|Any CPU
		{FBB93FB1-2F56-4B09-ACDA-7E918C0F885C}.Debug|Any CPU.Build.0 = Debug|Any CPU
		{FBB93FB1-2F56-4B09-ACDA-7E918C0F885C}.Release|Any CPU.ActiveCfg = Release|Any CPU
		{FBB93FB1-2F56-4B09-ACDA-7E918C0F885C}.Release|Any CPU.Build.0 = Release|Any CPU
		{C4EC25BF-E1C0-4CC4-9BE7-71CCC347A767}.Debug|Any CPU.ActiveCfg = Debug|Any CPU
		{C4EC25BF-E1C0-4CC4-9BE7-71CCC347A767}.Debug|Any CPU.Build.0 = Debug|Any CPU
		{C4EC25BF-E1C0-4CC4-9BE7-71CCC347A767}.Release|Any CPU.ActiveCfg = Release|Any CPU
		{C4EC25BF-E1C0-4CC4-9BE7-71CCC347A767}.Release|Any CPU.Build.0 = Release|Any CPU
		{9EDC3165-2756-406E-814E-F939FA7B4926}.Debug|Any CPU.ActiveCfg = Debug|Any CPU
		{9EDC3165-2756-406E-814E-F939FA7B4926}.Debug|Any CPU.Build.0 = Debug|Any CPU
		{9EDC3165-2756-406E-814E-F939FA7B4926}.Release|Any CPU.ActiveCfg = Release|Any CPU
		{9EDC3165-2756-406E-814E-F939FA7B4926}.Release|Any CPU.Build.0 = Release|Any CPU
		{D1E9C516-5AA9-40E2-AD51-6C50103653E2}.Debug|Any CPU.ActiveCfg = Debug|Any CPU
		{D1E9C516-5AA9-40E2-AD51-6C50103653E2}.Debug|Any CPU.Build.0 = Debug|Any CPU
		{D1E9C516-5AA9-40E2-AD51-6C50103653E2}.Release|Any CPU.ActiveCfg = Release|Any CPU
		{D1E9C516-5AA9-40E2-AD51-6C50103653E2}.Release|Any CPU.Build.0 = Release|Any CPU
		{7E3EC7E2-3E25-45A9-AD72-AE07867C49A1}.Debug|Any CPU.ActiveCfg = Debug|Any CPU
		{7E3EC7E2-3E25-45A9-AD72-AE07867C49A1}.Debug|Any CPU.Build.0 = Debug|Any CPU
		{7E3EC7E2-3E25-45A9-AD72-AE07867C49A1}.Release|Any CPU.ActiveCfg = Release|Any CPU
		{7E3EC7E2-3E25-45A9-AD72-AE07867C49A1}.Release|Any CPU.Build.0 = Release|Any CPU
		{A99AE01B-B1B8-4EF2-98EB-87F482FC024E}.Debug|Any CPU.ActiveCfg = Debug|Any CPU
		{A99AE01B-B1B8-4EF2-98EB-87F482FC024E}.Debug|Any CPU.Build.0 = Debug|Any CPU
		{A99AE01B-B1B8-4EF2-98EB-87F482FC024E}.Release|Any CPU.ActiveCfg = Release|Any CPU
		{A99AE01B-B1B8-4EF2-98EB-87F482FC024E}.Release|Any CPU.Build.0 = Release|Any CPU
		{9B1F66E8-0507-4B99-9738-3A94A773CF68}.Debug|Any CPU.ActiveCfg = Debug|Any CPU
		{9B1F66E8-0507-4B99-9738-3A94A773CF68}.Debug|Any CPU.Build.0 = Debug|Any CPU
		{9B1F66E8-0507-4B99-9738-3A94A773CF68}.Release|Any CPU.ActiveCfg = Release|Any CPU
		{9B1F66E8-0507-4B99-9738-3A94A773CF68}.Release|Any CPU.Build.0 = Release|Any CPU
		{D6D76A4A-D5D2-46D2-876B-B817EA8FECD1}.Debug|Any CPU.ActiveCfg = Debug|Any CPU
		{D6D76A4A-D5D2-46D2-876B-B817EA8FECD1}.Debug|Any CPU.Build.0 = Debug|Any CPU
		{D6D76A4A-D5D2-46D2-876B-B817EA8FECD1}.Release|Any CPU.ActiveCfg = Release|Any CPU
		{D6D76A4A-D5D2-46D2-876B-B817EA8FECD1}.Release|Any CPU.Build.0 = Release|Any CPU
		{E2563263-73E1-4A21-9C80-1EC0658CD3E7}.Debug|Any CPU.ActiveCfg = Debug|Any CPU
		{E2563263-73E1-4A21-9C80-1EC0658CD3E7}.Debug|Any CPU.Build.0 = Debug|Any CPU
		{E2563263-73E1-4A21-9C80-1EC0658CD3E7}.Release|Any CPU.ActiveCfg = Release|Any CPU
		{E2563263-73E1-4A21-9C80-1EC0658CD3E7}.Release|Any CPU.Build.0 = Release|Any CPU
		{A7C6150F-274F-4EFB-96AF-3F613F718BE0}.Debug|Any CPU.ActiveCfg = Debug|Any CPU
		{A7C6150F-274F-4EFB-96AF-3F613F718BE0}.Debug|Any CPU.Build.0 = Debug|Any CPU
		{A7C6150F-274F-4EFB-96AF-3F613F718BE0}.Release|Any CPU.ActiveCfg = Release|Any CPU
		{A7C6150F-274F-4EFB-96AF-3F613F718BE0}.Release|Any CPU.Build.0 = Release|Any CPU
		{EABDBC4B-1D64-4B48-8955-9EAC5E473E70}.Debug|Any CPU.ActiveCfg = Debug|Any CPU
		{EABDBC4B-1D64-4B48-8955-9EAC5E473E70}.Debug|Any CPU.Build.0 = Debug|Any CPU
		{EABDBC4B-1D64-4B48-8955-9EAC5E473E70}.Release|Any CPU.ActiveCfg = Release|Any CPU
		{EABDBC4B-1D64-4B48-8955-9EAC5E473E70}.Release|Any CPU.Build.0 = Release|Any CPU
		{4658C0B9-BF0D-4E43-BDD2-29C52CD0C74F}.Debug|Any CPU.ActiveCfg = Debug|Any CPU
		{4658C0B9-BF0D-4E43-BDD2-29C52CD0C74F}.Debug|Any CPU.Build.0 = Debug|Any CPU
		{4658C0B9-BF0D-4E43-BDD2-29C52CD0C74F}.Release|Any CPU.ActiveCfg = Release|Any CPU
		{4658C0B9-BF0D-4E43-BDD2-29C52CD0C74F}.Release|Any CPU.Build.0 = Release|Any CPU
		{EA732699-86A0-4554-BFAA-86BF29EEB1F9}.Debug|Any CPU.ActiveCfg = Debug|Any CPU
		{EA732699-86A0-4554-BFAA-86BF29EEB1F9}.Debug|Any CPU.Build.0 = Debug|Any CPU
		{EA732699-86A0-4554-BFAA-86BF29EEB1F9}.Release|Any CPU.ActiveCfg = Release|Any CPU
		{EA732699-86A0-4554-BFAA-86BF29EEB1F9}.Release|Any CPU.Build.0 = Release|Any CPU
		{00F142C8-D782-4434-8702-8A8E3031EC8A}.Debug|Any CPU.ActiveCfg = Debug|Any CPU
		{00F142C8-D782-4434-8702-8A8E3031EC8A}.Debug|Any CPU.Build.0 = Debug|Any CPU
		{00F142C8-D782-4434-8702-8A8E3031EC8A}.Release|Any CPU.ActiveCfg = Release|Any CPU
		{00F142C8-D782-4434-8702-8A8E3031EC8A}.Release|Any CPU.Build.0 = Release|Any CPU
		{17496A09-C6DB-4F61-8586-AA4FF3D0983C}.Debug|Any CPU.ActiveCfg = Debug|Any CPU
		{17496A09-C6DB-4F61-8586-AA4FF3D0983C}.Debug|Any CPU.Build.0 = Debug|Any CPU
		{17496A09-C6DB-4F61-8586-AA4FF3D0983C}.Release|Any CPU.ActiveCfg = Release|Any CPU
		{17496A09-C6DB-4F61-8586-AA4FF3D0983C}.Release|Any CPU.Build.0 = Release|Any CPU
		{D7778AB4-5EC8-44AC-BDDA-0ECA2D22DB80}.Debug|Any CPU.ActiveCfg = Debug|Any CPU
		{D7778AB4-5EC8-44AC-BDDA-0ECA2D22DB80}.Debug|Any CPU.Build.0 = Debug|Any CPU
		{D7778AB4-5EC8-44AC-BDDA-0ECA2D22DB80}.Release|Any CPU.ActiveCfg = Release|Any CPU
		{D7778AB4-5EC8-44AC-BDDA-0ECA2D22DB80}.Release|Any CPU.Build.0 = Release|Any CPU
		{2F43A45F-6A5C-4262-A35F-3412AD7DDC77}.Debug|Any CPU.ActiveCfg = Debug|Any CPU
		{2F43A45F-6A5C-4262-A35F-3412AD7DDC77}.Debug|Any CPU.Build.0 = Debug|Any CPU
		{2F43A45F-6A5C-4262-A35F-3412AD7DDC77}.Release|Any CPU.ActiveCfg = Release|Any CPU
		{2F43A45F-6A5C-4262-A35F-3412AD7DDC77}.Release|Any CPU.Build.0 = Release|Any CPU
		{49BBFEF6-48E4-48BE-A244-CD82967F1450}.Debug|Any CPU.ActiveCfg = Debug|Any CPU
		{49BBFEF6-48E4-48BE-A244-CD82967F1450}.Debug|Any CPU.Build.0 = Debug|Any CPU
		{49BBFEF6-48E4-48BE-A244-CD82967F1450}.Release|Any CPU.ActiveCfg = Release|Any CPU
		{49BBFEF6-48E4-48BE-A244-CD82967F1450}.Release|Any CPU.Build.0 = Release|Any CPU
		{D5283B3A-8FFD-4897-BEFD-DD3106C75536}.Debug|Any CPU.ActiveCfg = Debug|Any CPU
		{D5283B3A-8FFD-4897-BEFD-DD3106C75536}.Debug|Any CPU.Build.0 = Debug|Any CPU
		{D5283B3A-8FFD-4897-BEFD-DD3106C75536}.Release|Any CPU.ActiveCfg = Release|Any CPU
		{D5283B3A-8FFD-4897-BEFD-DD3106C75536}.Release|Any CPU.Build.0 = Release|Any CPU
		{042D7A46-2EA8-4E3F-9250-A7BE8148D308}.Debug|Any CPU.ActiveCfg = Debug|Any CPU
		{042D7A46-2EA8-4E3F-9250-A7BE8148D308}.Debug|Any CPU.Build.0 = Debug|Any CPU
		{042D7A46-2EA8-4E3F-9250-A7BE8148D308}.Release|Any CPU.ActiveCfg = Release|Any CPU
		{042D7A46-2EA8-4E3F-9250-A7BE8148D308}.Release|Any CPU.Build.0 = Release|Any CPU
		{0A5F93B6-29FD-4D41-A829-E868E8382349}.Debug|Any CPU.ActiveCfg = Debug|Any CPU
		{0A5F93B6-29FD-4D41-A829-E868E8382349}.Debug|Any CPU.Build.0 = Debug|Any CPU
		{0A5F93B6-29FD-4D41-A829-E868E8382349}.Release|Any CPU.ActiveCfg = Release|Any CPU
		{0A5F93B6-29FD-4D41-A829-E868E8382349}.Release|Any CPU.Build.0 = Release|Any CPU
		{DDC5752B-F2C3-47F3-AC01-9242FEC56AA6}.Debug|Any CPU.ActiveCfg = Debug|Any CPU
		{DDC5752B-F2C3-47F3-AC01-9242FEC56AA6}.Debug|Any CPU.Build.0 = Debug|Any CPU
		{DDC5752B-F2C3-47F3-AC01-9242FEC56AA6}.Release|Any CPU.ActiveCfg = Release|Any CPU
		{DDC5752B-F2C3-47F3-AC01-9242FEC56AA6}.Release|Any CPU.Build.0 = Release|Any CPU
		{D0C8CEC9-A14B-411F-AC87-894D934D97C4}.Debug|Any CPU.ActiveCfg = Debug|Any CPU
		{D0C8CEC9-A14B-411F-AC87-894D934D97C4}.Debug|Any CPU.Build.0 = Debug|Any CPU
		{D0C8CEC9-A14B-411F-AC87-894D934D97C4}.Release|Any CPU.ActiveCfg = Release|Any CPU
		{D0C8CEC9-A14B-411F-AC87-894D934D97C4}.Release|Any CPU.Build.0 = Release|Any CPU
		{75DCAA48-CA19-4CBC-B5D3-871A3BA2DC74}.Debug|Any CPU.ActiveCfg = Debug|Any CPU
		{75DCAA48-CA19-4CBC-B5D3-871A3BA2DC74}.Debug|Any CPU.Build.0 = Debug|Any CPU
		{75DCAA48-CA19-4CBC-B5D3-871A3BA2DC74}.Release|Any CPU.ActiveCfg = Release|Any CPU
		{75DCAA48-CA19-4CBC-B5D3-871A3BA2DC74}.Release|Any CPU.Build.0 = Release|Any CPU
		{959C3EC4-4A0A-4BC4-B485-131E39948D5B}.Debug|Any CPU.ActiveCfg = Debug|Any CPU
		{959C3EC4-4A0A-4BC4-B485-131E39948D5B}.Debug|Any CPU.Build.0 = Debug|Any CPU
		{959C3EC4-4A0A-4BC4-B485-131E39948D5B}.Release|Any CPU.ActiveCfg = Release|Any CPU
		{959C3EC4-4A0A-4BC4-B485-131E39948D5B}.Release|Any CPU.Build.0 = Release|Any CPU
		{43A75477-B2E6-4FD4-817D-A543E12C9006}.Debug|Any CPU.ActiveCfg = Debug|Any CPU
		{43A75477-B2E6-4FD4-817D-A543E12C9006}.Debug|Any CPU.Build.0 = Debug|Any CPU
		{43A75477-B2E6-4FD4-817D-A543E12C9006}.Release|Any CPU.ActiveCfg = Release|Any CPU
		{43A75477-B2E6-4FD4-817D-A543E12C9006}.Release|Any CPU.Build.0 = Release|Any CPU
		{F7748B16-BB79-4220-8B7D-65D1C98E593C}.Debug|Any CPU.ActiveCfg = Debug|Any CPU
		{F7748B16-BB79-4220-8B7D-65D1C98E593C}.Debug|Any CPU.Build.0 = Debug|Any CPU
		{F7748B16-BB79-4220-8B7D-65D1C98E593C}.Release|Any CPU.ActiveCfg = Release|Any CPU
		{F7748B16-BB79-4220-8B7D-65D1C98E593C}.Release|Any CPU.Build.0 = Release|Any CPU
		{AAC4947C-46CE-4CC1-8F11-31FB4AF1D0E4}.Debug|Any CPU.ActiveCfg = Debug|Any CPU
		{AAC4947C-46CE-4CC1-8F11-31FB4AF1D0E4}.Debug|Any CPU.Build.0 = Debug|Any CPU
		{AAC4947C-46CE-4CC1-8F11-31FB4AF1D0E4}.Release|Any CPU.ActiveCfg = Release|Any CPU
		{AAC4947C-46CE-4CC1-8F11-31FB4AF1D0E4}.Release|Any CPU.Build.0 = Release|Any CPU
		{550CF44A-EFA6-4CE8-A22E-648F5C8EE2C0}.Debug|Any CPU.ActiveCfg = Debug|Any CPU
		{550CF44A-EFA6-4CE8-A22E-648F5C8EE2C0}.Debug|Any CPU.Build.0 = Debug|Any CPU
		{550CF44A-EFA6-4CE8-A22E-648F5C8EE2C0}.Release|Any CPU.ActiveCfg = Release|Any CPU
		{550CF44A-EFA6-4CE8-A22E-648F5C8EE2C0}.Release|Any CPU.Build.0 = Release|Any CPU
		{E2D600BD-3618-4A23-A37E-ECE7595A6BF4}.Debug|Any CPU.ActiveCfg = Debug|Any CPU
		{E2D600BD-3618-4A23-A37E-ECE7595A6BF4}.Debug|Any CPU.Build.0 = Debug|Any CPU
		{E2D600BD-3618-4A23-A37E-ECE7595A6BF4}.Release|Any CPU.ActiveCfg = Release|Any CPU
		{E2D600BD-3618-4A23-A37E-ECE7595A6BF4}.Release|Any CPU.Build.0 = Release|Any CPU
		{92353F55-A4E6-4A28-AE98-6363C1CDA9FC}.Debug|Any CPU.ActiveCfg = Debug|Any CPU
		{92353F55-A4E6-4A28-AE98-6363C1CDA9FC}.Debug|Any CPU.Build.0 = Debug|Any CPU
		{92353F55-A4E6-4A28-AE98-6363C1CDA9FC}.Release|Any CPU.ActiveCfg = Release|Any CPU
		{92353F55-A4E6-4A28-AE98-6363C1CDA9FC}.Release|Any CPU.Build.0 = Release|Any CPU
		{AF28DA3B-7564-4068-B333-98CB6B340952}.Debug|Any CPU.ActiveCfg = Debug|Any CPU
		{AF28DA3B-7564-4068-B333-98CB6B340952}.Debug|Any CPU.Build.0 = Debug|Any CPU
		{AF28DA3B-7564-4068-B333-98CB6B340952}.Release|Any CPU.ActiveCfg = Release|Any CPU
		{AF28DA3B-7564-4068-B333-98CB6B340952}.Release|Any CPU.Build.0 = Release|Any CPU
		{ADAC8DD0-7F25-4C9D-B058-598E720A3B57}.Debug|Any CPU.ActiveCfg = Debug|Any CPU
		{ADAC8DD0-7F25-4C9D-B058-598E720A3B57}.Debug|Any CPU.Build.0 = Debug|Any CPU
		{ADAC8DD0-7F25-4C9D-B058-598E720A3B57}.Release|Any CPU.ActiveCfg = Release|Any CPU
		{ADAC8DD0-7F25-4C9D-B058-598E720A3B57}.Release|Any CPU.Build.0 = Release|Any CPU
		{3F9349CA-8FC9-438E-A179-3D4739A2362B}.Debug|Any CPU.ActiveCfg = Debug|Any CPU
		{3F9349CA-8FC9-438E-A179-3D4739A2362B}.Debug|Any CPU.Build.0 = Debug|Any CPU
		{3F9349CA-8FC9-438E-A179-3D4739A2362B}.Release|Any CPU.ActiveCfg = Release|Any CPU
		{3F9349CA-8FC9-438E-A179-3D4739A2362B}.Release|Any CPU.Build.0 = Release|Any CPU
		{96C66E23-55E8-4F17-B494-FCAFCCE34288}.Debug|Any CPU.ActiveCfg = Debug|Any CPU
		{96C66E23-55E8-4F17-B494-FCAFCCE34288}.Debug|Any CPU.Build.0 = Debug|Any CPU
		{96C66E23-55E8-4F17-B494-FCAFCCE34288}.Release|Any CPU.ActiveCfg = Release|Any CPU
		{96C66E23-55E8-4F17-B494-FCAFCCE34288}.Release|Any CPU.Build.0 = Release|Any CPU
		{1A54D850-8B9E-4EBB-9998-77A908D7EB66}.Debug|Any CPU.ActiveCfg = Debug|Any CPU
		{1A54D850-8B9E-4EBB-9998-77A908D7EB66}.Debug|Any CPU.Build.0 = Debug|Any CPU
		{1A54D850-8B9E-4EBB-9998-77A908D7EB66}.Release|Any CPU.ActiveCfg = Release|Any CPU
		{1A54D850-8B9E-4EBB-9998-77A908D7EB66}.Release|Any CPU.Build.0 = Release|Any CPU
		{E8C07491-C321-4F2C-892A-06835389AB49}.Debug|Any CPU.ActiveCfg = Debug|Any CPU
		{E8C07491-C321-4F2C-892A-06835389AB49}.Debug|Any CPU.Build.0 = Debug|Any CPU
		{E8C07491-C321-4F2C-892A-06835389AB49}.Release|Any CPU.ActiveCfg = Release|Any CPU
		{E8C07491-C321-4F2C-892A-06835389AB49}.Release|Any CPU.Build.0 = Release|Any CPU
		{DCC4ED3D-1150-463A-908F-1278473F79EA}.Debug|Any CPU.ActiveCfg = Debug|Any CPU
		{DCC4ED3D-1150-463A-908F-1278473F79EA}.Debug|Any CPU.Build.0 = Debug|Any CPU
		{DCC4ED3D-1150-463A-908F-1278473F79EA}.Release|Any CPU.ActiveCfg = Release|Any CPU
		{DCC4ED3D-1150-463A-908F-1278473F79EA}.Release|Any CPU.Build.0 = Release|Any CPU
		{EF410A2B-3639-4563-B6C8-5F8D7339D7B7}.Debug|Any CPU.ActiveCfg = Debug|Any CPU
		{EF410A2B-3639-4563-B6C8-5F8D7339D7B7}.Debug|Any CPU.Build.0 = Debug|Any CPU
		{EF410A2B-3639-4563-B6C8-5F8D7339D7B7}.Release|Any CPU.ActiveCfg = Release|Any CPU
		{EF410A2B-3639-4563-B6C8-5F8D7339D7B7}.Release|Any CPU.Build.0 = Release|Any CPU
	EndGlobalSection
	GlobalSection(SolutionProperties) = preSolution
		HideSolutionNode = FALSE
	EndGlobalSection
	GlobalSection(NestedProjects) = preSolution
		{96F36EF1-9168-47A5-A688-1EDF07FA30FA} = {96F36EF1-9168-47A5-A688-1EDF07FA30FA}
		{D714F461-0003-4A87-826D-16F34BC79751} = {DB65A5CC-65E7-4BAC-9311-72EA71B32011}
		{B4434BEB-C191-4D17-9DB4-61D3CB0773B7} = {7CDCC06A-CE4E-46FA-9EC1-6BA9E242CA10}
		{D49450C1-2C07-4E33-B6CF-B66C8724F80C} = {DB65A5CC-65E7-4BAC-9311-72EA71B32011}
		{AF105384-6709-4BFE-89BD-CBEEC6E6FCD3} = {DB65A5CC-65E7-4BAC-9311-72EA71B32011}
		{423C632F-0164-4533-ADCB-0E5BA254301A} = {7DF53970-678F-4077-AC87-C93175309E34}
		{0FF59276-7E06-454B-861B-13771D945AC3} = {7DF53970-678F-4077-AC87-C93175309E34}
		{1AE08B7F-7D86-4A6F-94B7-71D485F23DE8} = {7DF53970-678F-4077-AC87-C93175309E34}
		{53BB11D1-D1C5-4821-B16D-211F50531FFC} = {DB65A5CC-65E7-4BAC-9311-72EA71B32011}
		{0851325A-6DBE-4679-B884-EF64024F656A} = {DB65A5CC-65E7-4BAC-9311-72EA71B32011}
		{66E31B7F-9218-46E2-B8CC-9ECA45F0E6CD} = {4114A5B3-F34C-4B6B-B984-F171BF237FFD}
		{6A789D89-9DA2-4F8E-927E-48226423FCA6} = {DB65A5CC-65E7-4BAC-9311-72EA71B32011}
		{7CDCC06A-CE4E-46FA-9EC1-6BA9E242CA10} = {2B863462-583A-43F2-970A-F9E8EF17652D}
		{D73081EC-007D-4871-8410-6CFDA6F4470F} = {7CDCC06A-CE4E-46FA-9EC1-6BA9E242CA10}
		{C9483B61-14C6-49FE-B04B-C17BB9AF12A8} = {7CDCC06A-CE4E-46FA-9EC1-6BA9E242CA10}
		{C03741A2-205B-4EFD-95C0-3B32BEA88BC2} = {2B863462-583A-43F2-970A-F9E8EF17652D}
		{ACD24EEC-F66B-4FDD-9234-2683A587CB47} = {C03741A2-205B-4EFD-95C0-3B32BEA88BC2}
		{FBB93FB1-2F56-4B09-ACDA-7E918C0F885C} = {C03741A2-205B-4EFD-95C0-3B32BEA88BC2}
		{C4EC25BF-E1C0-4CC4-9BE7-71CCC347A767} = {C03741A2-205B-4EFD-95C0-3B32BEA88BC2}
		{9EDC3165-2756-406E-814E-F939FA7B4926} = {E7F6ECFE-FB80-4848-BB50-6BD47292ACC7}
		{D1E9C516-5AA9-40E2-AD51-6C50103653E2} = {E7F6ECFE-FB80-4848-BB50-6BD47292ACC7}
		{7E3EC7E2-3E25-45A9-AD72-AE07867C49A1} = {E7F6ECFE-FB80-4848-BB50-6BD47292ACC7}
		{A99AE01B-B1B8-4EF2-98EB-87F482FC024E} = {7CDCC06A-CE4E-46FA-9EC1-6BA9E242CA10}
		{D6D76A4A-D5D2-46D2-876B-B817EA8FECD1} = {7CDCC06A-CE4E-46FA-9EC1-6BA9E242CA10}
		{E2563263-73E1-4A21-9C80-1EC0658CD3E7} = {7CDCC06A-CE4E-46FA-9EC1-6BA9E242CA10}
		{A7C6150F-274F-4EFB-96AF-3F613F718BE0} = {7CDCC06A-CE4E-46FA-9EC1-6BA9E242CA10}
		{EABDBC4B-1D64-4B48-8955-9EAC5E473E70} = {7CDCC06A-CE4E-46FA-9EC1-6BA9E242CA10}
		{4658C0B9-BF0D-4E43-BDD2-29C52CD0C74F} = {7CDCC06A-CE4E-46FA-9EC1-6BA9E242CA10}
		{EA732699-86A0-4554-BFAA-86BF29EEB1F9} = {DB65A5CC-65E7-4BAC-9311-72EA71B32011}
		{00F142C8-D782-4434-8702-8A8E3031EC8A} = {7CDCC06A-CE4E-46FA-9EC1-6BA9E242CA10}
		{17496A09-C6DB-4F61-8586-AA4FF3D0983C} = {7CDCC06A-CE4E-46FA-9EC1-6BA9E242CA10}
		{B7E8A843-0394-4C7A-A81C-7A2012053F1F} = {2B863462-583A-43F2-970A-F9E8EF17652D}
		{D7778AB4-5EC8-44AC-BDDA-0ECA2D22DB80} = {B7E8A843-0394-4C7A-A81C-7A2012053F1F}
		{2F43A45F-6A5C-4262-A35F-3412AD7DDC77} = {B7E8A843-0394-4C7A-A81C-7A2012053F1F}
		{49BBFEF6-48E4-48BE-A244-CD82967F1450} = {B7E8A843-0394-4C7A-A81C-7A2012053F1F}
		{D5283B3A-8FFD-4897-BEFD-DD3106C75536} = {B7E8A843-0394-4C7A-A81C-7A2012053F1F}
		{042D7A46-2EA8-4E3F-9250-A7BE8148D308} = {B7E8A843-0394-4C7A-A81C-7A2012053F1F}
		{0A5F93B6-29FD-4D41-A829-E868E8382349} = {B7E8A843-0394-4C7A-A81C-7A2012053F1F}
		{DDC5752B-F2C3-47F3-AC01-9242FEC56AA6} = {B7E8A843-0394-4C7A-A81C-7A2012053F1F}
		{D0C8CEC9-A14B-411F-AC87-894D934D97C4} = {B7E8A843-0394-4C7A-A81C-7A2012053F1F}
		{75DCAA48-CA19-4CBC-B5D3-871A3BA2DC74} = {B7E8A843-0394-4C7A-A81C-7A2012053F1F}
		{959C3EC4-4A0A-4BC4-B485-131E39948D5B} = {B7E8A843-0394-4C7A-A81C-7A2012053F1F}
		{43A75477-B2E6-4FD4-817D-A543E12C9006} = {7CDCC06A-CE4E-46FA-9EC1-6BA9E242CA10}
		{F7748B16-BB79-4220-8B7D-65D1C98E593C} = {7DF53970-678F-4077-AC87-C93175309E34}
		{AAC4947C-46CE-4CC1-8F11-31FB4AF1D0E4} = {DB65A5CC-65E7-4BAC-9311-72EA71B32011}
		{550CF44A-EFA6-4CE8-A22E-648F5C8EE2C0} = {7CDCC06A-CE4E-46FA-9EC1-6BA9E242CA10}
		{E2D600BD-3618-4A23-A37E-ECE7595A6BF4} = {7CDCC06A-CE4E-46FA-9EC1-6BA9E242CA10}
		{92353F55-A4E6-4A28-AE98-6363C1CDA9FC} = {C03741A2-205B-4EFD-95C0-3B32BEA88BC2}
		{AF28DA3B-7564-4068-B333-98CB6B340952} = {E7F6ECFE-FB80-4848-BB50-6BD47292ACC7}
		{ADAC8DD0-7F25-4C9D-B058-598E720A3B57} = {E7F6ECFE-FB80-4848-BB50-6BD47292ACC7}
		{E7F6ECFE-FB80-4848-BB50-6BD47292ACC7} = {2B863462-583A-43F2-970A-F9E8EF17652D}
		{3F9349CA-8FC9-438E-A179-3D4739A2362B} = {C03741A2-205B-4EFD-95C0-3B32BEA88BC2}
		{96C66E23-55E8-4F17-B494-FCAFCCE34288} = {C03741A2-205B-4EFD-95C0-3B32BEA88BC2}
		{1A54D850-8B9E-4EBB-9998-77A908D7EB66} = {C03741A2-205B-4EFD-95C0-3B32BEA88BC2}
		{E8C07491-C321-4F2C-892A-06835389AB49} = {C03741A2-205B-4EFD-95C0-3B32BEA88BC2}
		{DCC4ED3D-1150-463A-908F-1278473F79EA} = {E7F6ECFE-FB80-4848-BB50-6BD47292ACC7}
		{EF410A2B-3639-4563-B6C8-5F8D7339D7B7} = {B7E8A843-0394-4C7A-A81C-7A2012053F1F}
	EndGlobalSection
	GlobalSection(ExtensibilityGlobals) = postSolution
		SolutionGuid = {EAF7E0B8-93D7-418C-BF95-D02B4EFAD949}
	EndGlobalSection
	GlobalSection(MonoDevelopProperties) = preSolution
		Policies = $0
		$0.DotNetNamingPolicy = $1
		$1.DirectoryNamespaceAssociation = PrefixedHierarchical
		$0.TextStylePolicy = $2
		$2.inheritsSet = null
		$2.scope = text/x-web
	EndGlobalSection
EndGlobal
